
Microsoft Visual Studio Solution File, Format Version 12.00
# Visual Studio Version 17
VisualStudioVersion = 17.12.35514.174 d17.12
MinimumVisualStudioVersion = 10.0.40219.1
Project("{FAE04EC0-301F-11D3-BF4B-00C04F79EFBC}") = "Clinic.Api", "Clinic.Api\Clinic.Api.csproj", "{F6985489-BD3F-465D-AFEC-16F8D8561EEF}"
EndProject
Project("{FAE04EC0-301F-11D3-BF4B-00C04F79EFBC}") = "Clinic.Core", "Clinic.Core\Clinic.Core.csproj", "{2CEFDCFA-96ED-464C-8E1C-DCF8608154DF}"
EndProject
Project("{FAE04EC0-301F-11D3-BF4B-00C04F79EFBC}") = "Clinic.Infrastructure", "Clinic.Infrastructure\Clinic.Infrastructure.csproj", "{68E2A40D-2A0A-4E94-9F86-19F481E0229C}"
EndProject
Global
	GlobalSection(SolutionConfigurationPlatforms) = preSolution
		Debug|Any CPU = Debug|Any CPU
		Release|Any CPU = Release|Any CPU
	EndGlobalSection
	GlobalSection(ProjectConfigurationPlatforms) = postSolution
		{F6985489-BD3F-465D-AFEC-16F8D8561EEF}.Debug|Any CPU.ActiveCfg = Debug|Any CPU
		{F6985489-BD3F-465D-AFEC-16F8D8561EEF}.Debug|Any CPU.Build.0 = Debug|Any CPU
		{F6985489-BD3F-465D-AFEC-16F8D8561EEF}.Release|Any CPU.ActiveCfg = Release|Any CPU
		{F6985489-BD3F-465D-AFEC-16F8D8561EEF}.Release|Any CPU.Build.0 = Release|Any CPU
		{2CEFDCFA-96ED-464C-8E1C-DCF8608154DF}.Debug|Any CPU.ActiveCfg = Debug|Any CPU
		{2CEFDCFA-96ED-464C-8E1C-DCF8608154DF}.Debug|Any CPU.Build.0 = Debug|Any CPU
		{2CEFDCFA-96ED-464C-8E1C-DCF8608154DF}.Release|Any CPU.ActiveCfg = Release|Any CPU
		{2CEFDCFA-96ED-464C-8E1C-DCF8608154DF}.Release|Any CPU.Build.0 = Release|Any CPU
		{68E2A40D-2A0A-4E94-9F86-19F481E0229C}.Debug|Any CPU.ActiveCfg = Debug|Any CPU
		{68E2A40D-2A0A-4E94-9F86-19F481E0229C}.Debug|Any CPU.Build.0 = Debug|Any CPU
		{68E2A40D-2A0A-4E94-9F86-19F481E0229C}.Release|Any CPU.ActiveCfg = Release|Any CPU
		{68E2A40D-2A0A-4E94-9F86-19F481E0229C}.Release|Any CPU.Build.0 = Release|Any CPU
	EndGlobalSection
	GlobalSection(SolutionProperties) = preSolution
		HideSolutionNode = FALSE
	EndGlobalSection
EndGlobal
